
Microsoft Visual Studio Solution File, Format Version 12.00
# Visual Studio Version 17
VisualStudioVersion = 17.6.33801.468
MinimumVisualStudioVersion = 10.0.40219.1
Project("{9A19103F-16F7-4668-BE54-9A1E7A4F7556}") = "Pyther.Core", "Pyther.Core\Pyther.Core.csproj", "{8195A4D2-E521-4B5E-9B21-F8F619C46F6E}"
EndProject
Project("{2150E333-8FDC-42A3-9474-1A3956D46DE8}") = "Projektmappenelemente", "Projektmappenelemente", "{AA68F48F-1B94-411D-B552-9F61A774571D}"
	ProjectSection(SolutionItems) = preProject
		README.md = README.md
	EndProjectSection
EndProject
Project("{FAE04EC0-301F-11D3-BF4B-00C04F79EFBC}") = "Tests", "Tests\Tests.csproj", "{9D101EB2-08DA-4174-9A37-53CF2C5C54FE}"
EndProject
Global
	GlobalSection(SolutionConfigurationPlatforms) = preSolution
		Debug|Any CPU = Debug|Any CPU
		Release|Any CPU = Release|Any CPU
	EndGlobalSection
	GlobalSection(ProjectConfigurationPlatforms) = postSolution
		{8195A4D2-E521-4B5E-9B21-F8F619C46F6E}.Debug|Any CPU.ActiveCfg = Debug|Any CPU
		{8195A4D2-E521-4B5E-9B21-F8F619C46F6E}.Debug|Any CPU.Build.0 = Debug|Any CPU
		{8195A4D2-E521-4B5E-9B21-F8F619C46F6E}.Release|Any CPU.ActiveCfg = Release|Any CPU
		{8195A4D2-E521-4B5E-9B21-F8F619C46F6E}.Release|Any CPU.Build.0 = Release|Any CPU
		{9D101EB2-08DA-4174-9A37-53CF2C5C54FE}.Debug|Any CPU.ActiveCfg = Debug|Any CPU
		{9D101EB2-08DA-4174-9A37-53CF2C5C54FE}.Debug|Any CPU.Build.0 = Debug|Any CPU
		{9D101EB2-08DA-4174-9A37-53CF2C5C54FE}.Release|Any CPU.ActiveCfg = Release|Any CPU
		{9D101EB2-08DA-4174-9A37-53CF2C5C54FE}.Release|Any CPU.Build.0 = Release|Any CPU
	EndGlobalSection
	GlobalSection(SolutionProperties) = preSolution
		HideSolutionNode = FALSE
	EndGlobalSection
	GlobalSection(ExtensibilityGlobals) = postSolution
		SolutionGuid = {D15C53F5-B1D5-4940-AEA7-51290CAA2A2F}
	EndGlobalSection
EndGlobal
